{
  "name": "nvim",
  "lockfileVersion": 3,
  "requires": true,
  "packages": {
    "": {
      "dependencies": {
        "@vscode/codicons": "^0.0.36"
      }
    },
    "node_modules/@vscode/codicons": {
      "version": "0.0.36",
      "resolved": "https://registry.npmjs.org/@vscode/codicons/-/codicons-0.0.36.tgz",
      "integrity": "sha512-wsNOvNMMJ2BY8rC2N2MNBG7yOowV3ov8KlvUE/AiVUlHKTfWsw3OgAOQduX7h0Un6GssKD3aoTVH+TF3DSQwKQ==",
      "license": "CC-BY-4.0"
    }
  }
}
